# THIS IS AN AUTOGENERATED FILE. DO NOT EDIT THIS FILE DIRECTLY.
# yarn lockfile v1


js-combinatorics@^2.1.2:
  version "2.1.2"
  resolved "https://tetrascience.jfrog.io/artifactory/api/npm/ts-npm-virtual/js-combinatorics/-/js-combinatorics-2.1.2.tgz#1434bce70c6e3b46f01c6b214626e95ff7905f81"
  integrity sha512-/1AY2bYwxajoaKjPzvgQ80U7lcucU71ubzFPVgZGmzbDGn3R18ZQUZfD69+4Idg4JfNcq6trwD6I+dRfVnr/tg==

lodash@^4.17.21:
  version "4.17.21"
  resolved "https://tetrascience.jfrog.io/artifactory/api/npm/ts-npm-virtual/lodash/-/lodash-4.17.21.tgz#679591c564c3bffaae8454cf0b3df370c3d6911c"
  integrity sha512-v2kDEe57lecTulaDIuNTPy3Ry4gLGJ6Z1O3vE1krgXZNrsQ+LFTGHVxVjcXPs17LhbZVGedAJv8XZ1tvj5FvSg==
